
Microsoft Visual Studio Solution File, Format Version 12.00
# Visual Studio Version 17
VisualStudioVersion = 17.12.35309.182
MinimumVisualStudioVersion = 10.0.40219.1
Project("{FAE04EC0-301F-11D3-BF4B-00C04F79EFBC}") = "pacman", "pacman.csproj", "{CB694AF0-50CB-49B3-88E8-3A2656F397AF}"
EndProject
Global
	GlobalSection(SolutionConfigurationPlatforms) = preSolution
		Debug|Any CPU = Debug|Any CPU
		Release|Any CPU = Release|Any CPU
	EndGlobalSection
	GlobalSection(ProjectConfigurationPlatforms) = postSolution
		{CB694AF0-50CB-49B3-88E8-3A2656F397AF}.Debug|Any CPU.ActiveCfg = Debug|Any CPU
		{CB694AF0-50CB-49B3-88E8-3A2656F397AF}.Debug|Any CPU.Build.0 = Debug|Any CPU
		{CB694AF0-50CB-49B3-88E8-3A2656F397AF}.Release|Any CPU.ActiveCfg = Release|Any CPU
		{CB694AF0-50CB-49B3-88E8-3A2656F397AF}.Release|Any CPU.Build.0 = Release|Any CPU
	EndGlobalSection
	GlobalSection(SolutionProperties) = preSolution
		HideSolutionNode = FALSE
	EndGlobalSection
	GlobalSection(ExtensibilityGlobals) = postSolution
		SolutionGuid = {9D6CAB0F-2BAB-4E0F-B799-188B89F7C8DA}
	EndGlobalSection
EndGlobal
